
Microsoft Visual Studio Solution File, Format Version 12.00
# Visual Studio Version 17
VisualStudioVersion = 17.12.35707.178
MinimumVisualStudioVersion = 10.0.40219.1
Project("{FAE04EC0-301F-11D3-BF4B-00C04F79EFBC}") = "DAY1", "DAY1\DAY1.csproj", "{67ADB485-6799-4E83-A4ED-16DEE393A27C}"
EndProject
Project("{FAE04EC0-301F-11D3-BF4B-00C04F79EFBC}") = "DAY2", "DAY2\DAY2.csproj", "{A7558879-FB9A-4A50-AC10-3CF785B59B25}"
EndProject
Project("{FAE04EC0-301F-11D3-BF4B-00C04F79EFBC}") = "DAY3", "DAY3\DAY3.csproj", "{A7BE5669-7728-45B1-B1A3-80168E510AFD}"
EndProject
Project("{FAE04EC0-301F-11D3-BF4B-00C04F79EFBC}") = "DAY4", "DAY4\DAY4.csproj", "{6A9DDFA8-0F56-4D77-8382-390987A26A71}"
EndProject
Project("{FAE04EC0-301F-11D3-BF4B-00C04F79EFBC}") = "DAY5", "DAY5\DAY5.csproj", "{72324247-F28C-42A3-B0D6-DC7E64813E75}"
EndProject
Project("{FAE04EC0-301F-11D3-BF4B-00C04F79EFBC}") = "DAY8(OOP-3)", "DAY8(OOP-3)\DAY8(OOP-3).csproj", "{0A057F5F-D707-445D-BD58-FD98FD22B704}"
EndProject
Project("{FAE04EC0-301F-11D3-BF4B-00C04F79EFBC}") = "DAY6(OOP-1)", "DAY6(OOP-1)\DAY6(OOP-1).csproj", "{6C27F1A8-ED0E-4CEF-AB82-2C17FDC650B3}"
EndProject
Project("{FAE04EC0-301F-11D3-BF4B-00C04F79EFBC}") = "DAY7(OOP-2)", "DAY7(OOP-2)\DAY7(OOP-2).csproj", "{22B986F7-B9DB-4546-97BC-F37939E75DDC}"
EndProject
Project("{FAE04EC0-301F-11D3-BF4B-00C04F79EFBC}") = "DAY9(LINQ-1)", "DAY9(LINQ-1)\DAY9(LINQ-1).csproj", "{364DB206-841B-40A0-9675-CB21651BC749}"
EndProject
Project("{FAE04EC0-301F-11D3-BF4B-00C04F79EFBC}") = "DAY10(LINQ-2)", "DAY10(LINQ-2)\DAY10(LINQ-2).csproj", "{EB4214F2-448C-44B3-8BB9-F0849D7D304E}"
EndProject
Global
	GlobalSection(SolutionConfigurationPlatforms) = preSolution
		Debug|Any CPU = Debug|Any CPU
		Release|Any CPU = Release|Any CPU
	EndGlobalSection
	GlobalSection(ProjectConfigurationPlatforms) = postSolution
		{67ADB485-6799-4E83-A4ED-16DEE393A27C}.Debug|Any CPU.ActiveCfg = Debug|Any CPU
		{67ADB485-6799-4E83-A4ED-16DEE393A27C}.Debug|Any CPU.Build.0 = Debug|Any CPU
		{67ADB485-6799-4E83-A4ED-16DEE393A27C}.Release|Any CPU.ActiveCfg = Release|Any CPU
		{67ADB485-6799-4E83-A4ED-16DEE393A27C}.Release|Any CPU.Build.0 = Release|Any CPU
		{A7558879-FB9A-4A50-AC10-3CF785B59B25}.Debug|Any CPU.ActiveCfg = Debug|Any CPU
		{A7558879-FB9A-4A50-AC10-3CF785B59B25}.Debug|Any CPU.Build.0 = Debug|Any CPU
		{A7558879-FB9A-4A50-AC10-3CF785B59B25}.Release|Any CPU.ActiveCfg = Release|Any CPU
		{A7558879-FB9A-4A50-AC10-3CF785B59B25}.Release|Any CPU.Build.0 = Release|Any CPU
		{A7BE5669-7728-45B1-B1A3-80168E510AFD}.Debug|Any CPU.ActiveCfg = Debug|Any CPU
		{A7BE5669-7728-45B1-B1A3-80168E510AFD}.Debug|Any CPU.Build.0 = Debug|Any CPU
		{A7BE5669-7728-45B1-B1A3-80168E510AFD}.Release|Any CPU.ActiveCfg = Release|Any CPU
		{A7BE5669-7728-45B1-B1A3-80168E510AFD}.Release|Any CPU.Build.0 = Release|Any CPU
		{6A9DDFA8-0F56-4D77-8382-390987A26A71}.Debug|Any CPU.ActiveCfg = Debug|Any CPU
		{6A9DDFA8-0F56-4D77-8382-390987A26A71}.Debug|Any CPU.Build.0 = Debug|Any CPU
		{6A9DDFA8-0F56-4D77-8382-390987A26A71}.Release|Any CPU.ActiveCfg = Release|Any CPU
		{6A9DDFA8-0F56-4D77-8382-390987A26A71}.Release|Any CPU.Build.0 = Release|Any CPU
		{72324247-F28C-42A3-B0D6-DC7E64813E75}.Debug|Any CPU.ActiveCfg = Debug|Any CPU
		{72324247-F28C-42A3-B0D6-DC7E64813E75}.Debug|Any CPU.Build.0 = Debug|Any CPU
		{72324247-F28C-42A3-B0D6-DC7E64813E75}.Release|Any CPU.ActiveCfg = Release|Any CPU
		{72324247-F28C-42A3-B0D6-DC7E64813E75}.Release|Any CPU.Build.0 = Release|Any CPU
		{0A057F5F-D707-445D-BD58-FD98FD22B704}.Debug|Any CPU.ActiveCfg = Debug|Any CPU
		{0A057F5F-D707-445D-BD58-FD98FD22B704}.Debug|Any CPU.Build.0 = Debug|Any CPU
		{0A057F5F-D707-445D-BD58-FD98FD22B704}.Release|Any CPU.ActiveCfg = Release|Any CPU
		{0A057F5F-D707-445D-BD58-FD98FD22B704}.Release|Any CPU.Build.0 = Release|Any CPU
		{6C27F1A8-ED0E-4CEF-AB82-2C17FDC650B3}.Debug|Any CPU.ActiveCfg = Debug|Any CPU
		{6C27F1A8-ED0E-4CEF-AB82-2C17FDC650B3}.Debug|Any CPU.Build.0 = Debug|Any CPU
		{6C27F1A8-ED0E-4CEF-AB82-2C17FDC650B3}.Release|Any CPU.ActiveCfg = Release|Any CPU
		{6C27F1A8-ED0E-4CEF-AB82-2C17FDC650B3}.Release|Any CPU.Build.0 = Release|Any CPU
		{22B986F7-B9DB-4546-97BC-F37939E75DDC}.Debug|Any CPU.ActiveCfg = Debug|Any CPU
		{22B986F7-B9DB-4546-97BC-F37939E75DDC}.Debug|Any CPU.Build.0 = Debug|Any CPU
		{22B986F7-B9DB-4546-97BC-F37939E75DDC}.Release|Any CPU.ActiveCfg = Release|Any CPU
		{22B986F7-B9DB-4546-97BC-F37939E75DDC}.Release|Any CPU.Build.0 = Release|Any CPU
		{364DB206-841B-40A0-9675-CB21651BC749}.Debug|Any CPU.ActiveCfg = Debug|Any CPU
		{364DB206-841B-40A0-9675-CB21651BC749}.Debug|Any CPU.Build.0 = Debug|Any CPU
		{364DB206-841B-40A0-9675-CB21651BC749}.Release|Any CPU.ActiveCfg = Release|Any CPU
		{364DB206-841B-40A0-9675-CB21651BC749}.Release|Any CPU.Build.0 = Release|Any CPU
		{EB4214F2-448C-44B3-8BB9-F0849D7D304E}.Debug|Any CPU.ActiveCfg = Debug|Any CPU
		{EB4214F2-448C-44B3-8BB9-F0849D7D304E}.Debug|Any CPU.Build.0 = Debug|Any CPU
		{EB4214F2-448C-44B3-8BB9-F0849D7D304E}.Release|Any CPU.ActiveCfg = Release|Any CPU
		{EB4214F2-448C-44B3-8BB9-F0849D7D304E}.Release|Any CPU.Build.0 = Release|Any CPU
	EndGlobalSection
	GlobalSection(SolutionProperties) = preSolution
		HideSolutionNode = FALSE
	EndGlobalSection
EndGlobal
